
Microsoft Visual Studio Solution File, Format Version 12.00
# Visual Studio Version 17
VisualStudioVersion = 17.10.35013.160
MinimumVisualStudioVersion = 10.0.40219.1
Project("{FAE04EC0-301F-11D3-BF4B-00C04F79EFBC}") = "final-project", "final-project\final-project.csproj", "{905EC3D0-83DD-49A7-AE71-031C46AB6AE7}"
EndProject
Global
	GlobalSection(SolutionConfigurationPlatforms) = preSolution
		Debug|Any CPU = Debug|Any CPU
		Release|Any CPU = Release|Any CPU
	EndGlobalSection
	GlobalSection(ProjectConfigurationPlatforms) = postSolution
		{905EC3D0-83DD-49A7-AE71-031C46AB6AE7}.Debug|Any CPU.ActiveCfg = Debug|Any CPU
		{905EC3D0-83DD-49A7-AE71-031C46AB6AE7}.Debug|Any CPU.Build.0 = Debug|Any CPU
		{905EC3D0-83DD-49A7-AE71-031C46AB6AE7}.Release|Any CPU.ActiveCfg = Release|Any CPU
		{905EC3D0-83DD-49A7-AE71-031C46AB6AE7}.Release|Any CPU.Build.0 = Release|Any CPU
	EndGlobalSection
	GlobalSection(SolutionProperties) = preSolution
		HideSolutionNode = FALSE
	EndGlobalSection
	GlobalSection(ExtensibilityGlobals) = postSolution
		SolutionGuid = {B1178751-5629-4207-8E17-81818CB86321}
	EndGlobalSection
EndGlobal
